// !$*UTF8*$!
{
	archiveVersion = 1;
	classes = {
	};
	objectVersion = 60;
	objects = {

/* Begin PBXBuildFile section */
		A5B30E0D2E03C07500ED4662 /* preferences.swift in Sources */ = {isa = PBXBuildFile; fileRef = A5B30E0C2E03C07100ED4662 /* preferences.swift */; };
		A5C0C8882C2B756E002AE0DD /* weatherappApp.swift in Sources */ = {isa = PBXBuildFile; fileRef = A5C0C8872C2B756E002AE0DD /* weatherappApp.swift */; };
		A5C0C88A2C2B756E002AE0DD /* ContentView.swift in Sources */ = {isa = PBXBuildFile; fileRef = A5C0C8892C2B756E002AE0DD /* ContentView.swift */; };
		A5C0C88C2C2B756F002AE0DD /* Assets.xcassets in Resources */ = {isa = PBXBuildFile; fileRef = A5C0C88B2C2B756F002AE0DD /* Assets.xcassets */; };
		A5C0C88F2C2B756F002AE0DD /* Preview Assets.xcassets in Resources */ = {isa = PBXBuildFile; fileRef = A5C0C88E2C2B756F002AE0DD /* Preview Assets.xcassets */; };
		A5C0C8992C2B7570002AE0DD /* musicplayerTests.swift in Sources */ = {isa = PBXBuildFile; fileRef = A5C0C8982C2B7570002AE0DD /* musicplayerTests.swift */; };
		A5C0C8A32C2B7570002AE0DD /* musicplayerUITests.swift in Sources */ = {isa = PBXBuildFile; fileRef = A5C0C8A22C2B7570002AE0DD /* musicplayerUITests.swift */; };
		A5C0C8A52C2B7570002AE0DD /* musicplayerUITestsLaunchTests.swift in Sources */ = {isa = PBXBuildFile; fileRef = A5C0C8A42C2B7570002AE0DD /* musicplayerUITestsLaunchTests.swift */; };
		A5C0C8BE2C30A819002AE0DD /* Daily.swift in Sources */ = {isa = PBXBuildFile; fileRef = A5C0C8BD2C30A815002AE0DD /* Daily.swift */; };
		A5C0C8C42C320577002AE0DD /* weatherData.swift in Sources */ = {isa = PBXBuildFile; fileRef = A5C0C8C32C320573002AE0DD /* weatherData.swift */; };
		A5C0C8C62C32A4D2002AE0DD /* Untitled.json in Resources */ = {isa = PBXBuildFile; fileRef = A5C0C8C52C32A4CD002AE0DD /* Untitled.json */; };
		A5FCD78E2C371D3100FF81B4 /* Forecast.swift in Sources */ = {isa = PBXBuildFile; fileRef = A5FCD78D2C371D2D00FF81B4 /* Forecast.swift */; };
		A5FCD7902C371D3A00FF81B4 /* TodayView.swift in Sources */ = {isa = PBXBuildFile; fileRef = A5FCD78F2C371D3400FF81B4 /* TodayView.swift */; };
/* End PBXBuildFile section */

/* Begin PBXContainerItemProxy section */
		A5C0C8952C2B7570002AE0DD /* PBXContainerItemProxy */ = {
			isa = PBXContainerItemProxy;
			containerPortal = A5C0C87C2C2B756E002AE0DD /* Project object */;
			proxyType = 1;
			remoteGlobalIDString = A5C0C8832C2B756E002AE0DD;
			remoteInfo = musicplayer;
		};
		A5C0C89F2C2B7570002AE0DD /* PBXContainerItemProxy */ = {
			isa = PBXContainerItemProxy;
			containerPortal = A5C0C87C2C2B756E002AE0DD /* Project object */;
			proxyType = 1;
			remoteGlobalIDString = A5C0C8832C2B756E002AE0DD;
			remoteInfo = musicplayer;
		};
/* End PBXContainerItemProxy section */

/* Begin PBXFileReference section */
		A5B30E0C2E03C07100ED4662 /* preferences.swift */ = {isa = PBXFileReference; lastKnownFileType = sourcecode.swift; path = preferences.swift; sourceTree = "<group>"; };
		A5B30E0F2E0894B500ED4662 /* Package */ = {isa = PBXFileReference; lastKnownFileType = wrapper; name = Package; path = ../Package; sourceTree = SOURCE_ROOT; };
		A5C0C8842C2B756E002AE0DD /* weatherapp.app */ = {isa = PBXFileReference; explicitFileType = wrapper.application; includeInIndex = 0; path = weatherapp.app; sourceTree = BUILT_PRODUCTS_DIR; };
		A5C0C8872C2B756E002AE0DD /* weatherappApp.swift */ = {isa = PBXFileReference; lastKnownFileType = sourcecode.swift; path = weatherappApp.swift; sourceTree = "<group>"; };
		A5C0C8892C2B756E002AE0DD /* ContentView.swift */ = {isa = PBXFileReference; lastKnownFileType = sourcecode.swift; path = ContentView.swift; sourceTree = "<group>"; };
		A5C0C88B2C2B756F002AE0DD /* Assets.xcassets */ = {isa = PBXFileReference; lastKnownFileType = folder.assetcatalog; path = Assets.xcassets; sourceTree = "<group>"; };
		A5C0C88E2C2B756F002AE0DD /* Preview Assets.xcassets */ = {isa = PBXFileReference; lastKnownFileType = folder.assetcatalog; path = "Preview Assets.xcassets"; sourceTree = "<group>"; };
		A5C0C8942C2B7570002AE0DD /* weatherappTests.xctest */ = {isa = PBXFileReference; explicitFileType = wrapper.cfbundle; includeInIndex = 0; path = weatherappTests.xctest; sourceTree = BUILT_PRODUCTS_DIR; };
		A5C0C8982C2B7570002AE0DD /* musicplayerTests.swift */ = {isa = PBXFileReference; lastKnownFileType = sourcecode.swift; path = musicplayerTests.swift; sourceTree = "<group>"; };
		A5C0C89E2C2B7570002AE0DD /* weatherappUITests.xctest */ = {isa = PBXFileReference; explicitFileType = wrapper.cfbundle; includeInIndex = 0; path = weatherappUITests.xctest; sourceTree = BUILT_PRODUCTS_DIR; };
		A5C0C8A22C2B7570002AE0DD /* musicplayerUITests.swift */ = {isa = PBXFileReference; lastKnownFileType = sourcecode.swift; path = musicplayerUITests.swift; sourceTree = "<group>"; };
		A5C0C8A42C2B7570002AE0DD /* musicplayerUITestsLaunchTests.swift */ = {isa = PBXFileReference; lastKnownFileType = sourcecode.swift; path = musicplayerUITestsLaunchTests.swift; sourceTree = "<group>"; };
		A5C0C8BD2C30A815002AE0DD /* Daily.swift */ = {isa = PBXFileReference; lastKnownFileType = sourcecode.swift; path = Daily.swift; sourceTree = "<group>"; };
		A5C0C8C32C320573002AE0DD /* weatherData.swift */ = {isa = PBXFileReference; lastKnownFileType = sourcecode.swift; path = weatherData.swift; sourceTree = "<group>"; };
		A5C0C8C52C32A4CD002AE0DD /* Untitled.json */ = {isa = PBXFileReference; lastKnownFileType = text.json; path = Untitled.json; sourceTree = "<group>"; };
		A5FCD78D2C371D2D00FF81B4 /* Forecast.swift */ = {isa = PBXFileReference; lastKnownFileType = sourcecode.swift; path = Forecast.swift; sourceTree = "<group>"; };
		A5FCD78F2C371D3400FF81B4 /* TodayView.swift */ = {isa = PBXFileReference; lastKnownFileType = sourcecode.swift; path = TodayView.swift; sourceTree = "<group>"; };
		A5FCD7932C39180600FF81B4 /* test.json */ = {isa = PBXFileReference; lastKnownFileType = text.json; path = test.json; sourceTree = "<group>"; };
/* End PBXFileReference section */

/* Begin PBXFrameworksBuildPhase section */
		A5C0C8812C2B756E002AE0DD /* Frameworks */ = {
			isa = PBXFrameworksBuildPhase;
			buildActionMask = 2147483647;
			files = (
			);
			runOnlyForDeploymentPostprocessing = 0;
		};
		A5C0C8912C2B7570002AE0DD /* Frameworks */ = {
			isa = PBXFrameworksBuildPhase;
			buildActionMask = 2147483647;
			files = (
			);
			runOnlyForDeploymentPostprocessing = 0;
		};
		A5C0C89B2C2B7570002AE0DD /* Frameworks */ = {
			isa = PBXFrameworksBuildPhase;
			buildActionMask = 2147483647;
			files = (
			);
			runOnlyForDeploymentPostprocessing = 0;
		};
/* End PBXFrameworksBuildPhase section */

/* Begin PBXGroup section */
		A5C0C87B2C2B756E002AE0DD = {
			isa = PBXGroup;
			children = (
				A5C0C8862C2B756E002AE0DD /* weatherapp */,
				A5C0C8972C2B7570002AE0DD /* weatherappTests */,
				A5C0C8A12C2B7570002AE0DD /* weatherappUITests */,
				A5C0C8852C2B756E002AE0DD /* Products */,
			);
			sourceTree = "<group>";
		};
		A5C0C8852C2B756E002AE0DD /* Products */ = {
			isa = PBXGroup;
			children = (
				A5C0C8842C2B756E002AE0DD /* weatherapp.app */,
				A5C0C8942C2B7570002AE0DD /* weatherappTests.xctest */,
				A5C0C89E2C2B7570002AE0DD /* weatherappUITests.xctest */,
			);
			name = Products;
			sourceTree = "<group>";
		};
		A5C0C8862C2B756E002AE0DD /* weatherapp */ = {
			isa = PBXGroup;
			children = (
				A5B30E0F2E0894B500ED4662 /* Package */,
				A5C0C8872C2B756E002AE0DD /* weatherappApp.swift */,
				A5C0C8892C2B756E002AE0DD /* ContentView.swift */,
				A5FCD78D2C371D2D00FF81B4 /* Forecast.swift */,
				A5FCD78F2C371D3400FF81B4 /* TodayView.swift */,
				A5C0C8BD2C30A815002AE0DD /* Daily.swift */,
				A5B30E0C2E03C07100ED4662 /* preferences.swift */,
				A5C0C8C32C320573002AE0DD /* weatherData.swift */,
				A5C0C8C52C32A4CD002AE0DD /* Untitled.json */,
				A5FCD7932C39180600FF81B4 /* test.json */,
				A5C0C88B2C2B756F002AE0DD /* Assets.xcassets */,
				A5C0C88D2C2B756F002AE0DD /* Preview Content */,
			);
			path = weatherapp;
			sourceTree = "<group>";
		};
		A5C0C88D2C2B756F002AE0DD /* Preview Content */ = {
			isa = PBXGroup;
			children = (
				A5C0C88E2C2B756F002AE0DD /* Preview Assets.xcassets */,
			);
			path = "Preview Content";
			sourceTree = "<group>";
		};
		A5C0C8972C2B7570002AE0DD /* weatherappTests */ = {
			isa = PBXGroup;
			children = (
				A5C0C8982C2B7570002AE0DD /* musicplayerTests.swift */,
			);
			path = weatherappTests;
			sourceTree = "<group>";
		};
		A5C0C8A12C2B7570002AE0DD /* weatherappUITests */ = {
			isa = PBXGroup;
			children = (
				A5C0C8A22C2B7570002AE0DD /* musicplayerUITests.swift */,
				A5C0C8A42C2B7570002AE0DD /* musicplayerUITestsLaunchTests.swift */,
			);
			path = weatherappUITests;
			sourceTree = "<group>";
		};
/* End PBXGroup section */

/* Begin PBXNativeTarget section */
		A5C0C8832C2B756E002AE0DD /* weatherapp */ = {
			isa = PBXNativeTarget;
			buildConfigurationList = A5C0C8A82C2B7570002AE0DD /* Build configuration list for PBXNativeTarget "weatherapp" */;
			buildPhases = (
				A5C0C8802C2B756E002AE0DD /* Sources */,
				A5C0C8812C2B756E002AE0DD /* Frameworks */,
				A5C0C8822C2B756E002AE0DD /* Resources */,
			);
			buildRules = (
			);
			dependencies = (
			);
			name = weatherapp;
			productName = musicplayer;
			productReference = A5C0C8842C2B756E002AE0DD /* weatherapp.app */;
			productType = "com.apple.product-type.application";
		};
		A5C0C8932C2B7570002AE0DD /* weatherappTests */ = {
			isa = PBXNativeTarget;
			buildConfigurationList = A5C0C8AB2C2B7570002AE0DD /* Build configuration list for PBXNativeTarget "weatherappTests" */;
			buildPhases = (
				A5C0C8902C2B7570002AE0DD /* Sources */,
				A5C0C8912C2B7570002AE0DD /* Frameworks */,
				A5C0C8922C2B7570002AE0DD /* Resources */,
			);
			buildRules = (
			);
			dependencies = (
				A5C0C8962C2B7570002AE0DD /* PBXTargetDependency */,
			);
			name = weatherappTests;
			productName = musicplayerTests;
			productReference = A5C0C8942C2B7570002AE0DD /* weatherappTests.xctest */;
			productType = "com.apple.product-type.bundle.unit-test";
		};
		A5C0C89D2C2B7570002AE0DD /* weatherappUITests */ = {
			isa = PBXNativeTarget;
			buildConfigurationList = A5C0C8AE2C2B7570002AE0DD /* Build configuration list for PBXNativeTarget "weatherappUITests" */;
			buildPhases = (
				A5C0C89A2C2B7570002AE0DD /* Sources */,
				A5C0C89B2C2B7570002AE0DD /* Frameworks */,
				A5C0C89C2C2B7570002AE0DD /* Resources */,
			);
			buildRules = (
			);
			dependencies = (
				A5C0C8A02C2B7570002AE0DD /* PBXTargetDependency */,
			);
			name = weatherappUITests;
			productName = musicplayerUITests;
			productReference = A5C0C89E2C2B7570002AE0DD /* weatherappUITests.xctest */;
			productType = "com.apple.product-type.bundle.ui-testing";
		};
/* End PBXNativeTarget section */

/* Begin PBXProject section */
		A5C0C87C2C2B756E002AE0DD /* Project object */ = {
			isa = PBXProject;
			attributes = {
				BuildIndependentTargetsInParallel = 1;
				LastSwiftUpdateCheck = 1600;
				LastUpgradeCheck = 2600;
				TargetAttributes = {
					A5C0C8832C2B756E002AE0DD = {
						CreatedOnToolsVersion = 16.0;
					};
					A5C0C8932C2B7570002AE0DD = {
						CreatedOnToolsVersion = 16.0;
						TestTargetID = A5C0C8832C2B756E002AE0DD;
					};
					A5C0C89D2C2B7570002AE0DD = {
						CreatedOnToolsVersion = 16.0;
						TestTargetID = A5C0C8832C2B756E002AE0DD;
					};
				};
			};
			buildConfigurationList = A5C0C87F2C2B756E002AE0DD /* Build configuration list for PBXProject "weatherapp" */;
			compatibilityVersion = "Xcode 15.0";
			developmentRegion = en;
			hasScannedForEncodings = 0;
			knownRegions = (
				en,
				Base,
			);
			mainGroup = A5C0C87B2C2B756E002AE0DD;
			productRefGroup = A5C0C8852C2B756E002AE0DD /* Products */;
			projectDirPath = "";
			projectRoot = "";
			targets = (
				A5C0C8832C2B756E002AE0DD /* weatherapp */,
				A5C0C8932C2B7570002AE0DD /* weatherappTests */,
				A5C0C89D2C2B7570002AE0DD /* weatherappUITests */,
			);
		};
/* End PBXProject section */

/* Begin PBXResourcesBuildPhase section */
		A5C0C8822C2B756E002AE0DD /* Resources */ = {
			isa = PBXResourcesBuildPhase;
			buildActionMask = 2147483647;
			files = (
				A5C0C88F2C2B756F002AE0DD /* Preview Assets.xcassets in Resources */,
				A5C0C8C62C32A4D2002AE0DD /* Untitled.json in Resources */,
				A5C0C88C2C2B756F002AE0DD /* Assets.xcassets in Resources */,
			);
			runOnlyForDeploymentPostprocessing = 0;
		};
		A5C0C8922C2B7570002AE0DD /* Resources */ = {
			isa = PBXResourcesBuildPhase;
			buildActionMask = 2147483647;
			files = (
			);
			runOnlyForDeploymentPostprocessing = 0;
		};
		A5C0C89C2C2B7570002AE0DD /* Resources */ = {
			isa = PBXResourcesBuildPhase;
			buildActionMask = 2147483647;
			files = (
			);
			runOnlyForDeploymentPostprocessing = 0;
		};
/* End PBXResourcesBuildPhase section */

/* Begin PBXSourcesBuildPhase section */
		A5C0C8802C2B756E002AE0DD /* Sources */ = {
			isa = PBXSourcesBuildPhase;
			buildActionMask = 2147483647;
			files = (
				A5C0C88A2C2B756E002AE0DD /* ContentView.swift in Sources */,
				A5C0C8BE2C30A819002AE0DD /* Daily.swift in Sources */,
				A5C0C8882C2B756E002AE0DD /* weatherappApp.swift in Sources */,
				A5B30E0D2E03C07500ED4662 /* preferences.swift in Sources */,
				A5C0C8C42C320577002AE0DD /* weatherData.swift in Sources */,
				A5FCD7902C371D3A00FF81B4 /* TodayView.swift in Sources */,
				A5FCD78E2C371D3100FF81B4 /* Forecast.swift in Sources */,
			);
			runOnlyForDeploymentPostprocessing = 0;
		};
		A5C0C8902C2B7570002AE0DD /* Sources */ = {
			isa = PBXSourcesBuildPhase;
			buildActionMask = 2147483647;
			files = (
				A5C0C8992C2B7570002AE0DD /* musicplayerTests.swift in Sources */,
			);
			runOnlyForDeploymentPostprocessing = 0;
		};
		A5C0C89A2C2B7570002AE0DD /* Sources */ = {
			isa = PBXSourcesBuildPhase;
			buildActionMask = 2147483647;
			files = (
				A5C0C8A32C2B7570002AE0DD /* musicplayerUITests.swift in Sources */,
				A5C0C8A52C2B7570002AE0DD /* musicplayerUITestsLaunchTests.swift in Sources */,
			);
			runOnlyForDeploymentPostprocessing = 0;
		};
/* End PBXSourcesBuildPhase section */

/* Begin PBXTargetDependency section */
		A5C0C8962C2B7570002AE0DD /* PBXTargetDependency */ = {
			isa = PBXTargetDependency;
			target = A5C0C8832C2B756E002AE0DD /* weatherapp */;
			targetProxy = A5C0C8952C2B7570002AE0DD /* PBXContainerItemProxy */;
		};
		A5C0C8A02C2B7570002AE0DD /* PBXTargetDependency */ = {
			isa = PBXTargetDependency;
			target = A5C0C8832C2B756E002AE0DD /* weatherapp */;
			targetProxy = A5C0C89F2C2B7570002AE0DD /* PBXContainerItemProxy */;
		};
/* End PBXTargetDependency section */

/* Begin XCBuildConfiguration section */
		A5C0C8A62C2B7570002AE0DD /* Debug */ = {
			isa = XCBuildConfiguration;
			buildSettings = {
				ALWAYS_SEARCH_USER_PATHS = NO;
				ASSETCATALOG_COMPILER_GENERATE_SWIFT_ASSET_SYMBOL_EXTENSIONS = YES;
				CLANG_ANALYZER_NONNULL = YES;
				CLANG_ANALYZER_NUMBER_OBJECT_CONVERSION = YES_AGGRESSIVE;
				CLANG_CXX_LANGUAGE_STANDARD = "gnu++20";
				CLANG_ENABLE_MODULES = YES;
				CLANG_ENABLE_OBJC_ARC = YES;
				CLANG_ENABLE_OBJC_WEAK = YES;
				CLANG_WARN_BLOCK_CAPTURE_AUTORELEASING = YES;
				CLANG_WARN_BOOL_CONVERSION = YES;
				CLANG_WARN_COMMA = YES;
				CLANG_WARN_CONSTANT_CONVERSION = YES;
				CLANG_WARN_DEPRECATED_OBJC_IMPLEMENTATIONS = YES;
				CLANG_WARN_DIRECT_OBJC_ISA_USAGE = YES_ERROR;
				CLANG_WARN_DOCUMENTATION_COMMENTS = YES;
				CLANG_WARN_EMPTY_BODY = YES;
				CLANG_WARN_ENUM_CONVERSION = YES;
				CLANG_WARN_INFINITE_RECURSION = YES;
				CLANG_WARN_INT_CONVERSION = YES;
				CLANG_WARN_NON_LITERAL_NULL_CONVERSION = YES;
				CLANG_WARN_OBJC_IMPLICIT_RETAIN_SELF = YES;
				CLANG_WARN_OBJC_LITERAL_CONVERSION = YES;
				CLANG_WARN_OBJC_ROOT_CLASS = YES_ERROR;
				CLANG_WARN_QUOTED_INCLUDE_IN_FRAMEWORK_HEADER = YES;
				CLANG_WARN_RANGE_LOOP_ANALYSIS = YES;
				CLANG_WARN_STRICT_PROTOTYPES = YES;
				CLANG_WARN_SUSPICIOUS_MOVE = YES;
				CLANG_WARN_UNGUARDED_AVAILABILITY = YES_AGGRESSIVE;
				CLANG_WARN_UNREACHABLE_CODE = YES;
				CLANG_WARN__DUPLICATE_METHOD_MATCH = YES;
				COPY_PHASE_STRIP = NO;
				DEBUG_INFORMATION_FORMAT = dwarf;
				DEVELOPMENT_TEAM = 8XDRVJY6U4;
				ENABLE_STRICT_OBJC_MSGSEND = YES;
				ENABLE_TESTABILITY = YES;
				ENABLE_USER_SCRIPT_SANDBOXING = YES;
				GCC_C_LANGUAGE_STANDARD = gnu17;
				GCC_DYNAMIC_NO_PIC = NO;
				GCC_NO_COMMON_BLOCKS = YES;
				GCC_OPTIMIZATION_LEVEL = 0;
				GCC_PREPROCESSOR_DEFINITIONS = (
					"DEBUG=1",
					"$(inherited)",
				);
				GCC_WARN_64_TO_32_BIT_CONVERSION = YES;
				GCC_WARN_ABOUT_RETURN_TYPE = YES_ERROR;
				GCC_WARN_UNDECLARED_SELECTOR = YES;
				GCC_WARN_UNINITIALIZED_AUTOS = YES_AGGRESSIVE;
				GCC_WARN_UNUSED_FUNCTION = YES;
				GCC_WARN_UNUSED_VARIABLE = YES;
				IPHONEOS_DEPLOYMENT_TARGET = 18.0;
				LOCALIZATION_PREFERS_STRING_CATALOGS = YES;
				MTL_ENABLE_DEBUG_INFO = INCLUDE_SOURCE;
				MTL_FAST_MATH = YES;
				ONLY_ACTIVE_ARCH = YES;
				SDKROOT = iphoneos;
				STRING_CATALOG_GENERATE_SYMBOLS = YES;
				SWIFT_ACTIVE_COMPILATION_CONDITIONS = "DEBUG $(inherited)";
				SWIFT_OPTIMIZATION_LEVEL = "-Onone";
			};
			name = Debug;
		};
		A5C0C8A72C2B7570002AE0DD /* Release */ = {
			isa = XCBuildConfiguration;
			buildSettings = {
				ALWAYS_SEARCH_USER_PATHS = NO;
				ASSETCATALOG_COMPILER_GENERATE_SWIFT_ASSET_SYMBOL_EXTENSIONS = YES;
				CLANG_ANALYZER_NONNULL = YES;
				CLANG_ANALYZER_NUMBER_OBJECT_CONVERSION = YES_AGGRESSIVE;
				CLANG_CXX_LANGUAGE_STANDARD = "gnu++20";
				CLANG_ENABLE_MODULES = YES;
				CLANG_ENABLE_OBJC_ARC = YES;
				CLANG_ENABLE_OBJC_WEAK = YES;
				CLANG_WARN_BLOCK_CAPTURE_AUTORELEASING = YES;
				CLANG_WARN_BOOL_CONVERSION = YES;
				CLANG_WARN_COMMA = YES;
				CLANG_WARN_CONSTANT_CONVERSION = YES;
				CLANG_WARN_DEPRECATED_OBJC_IMPLEMENTATIONS = YES;
				CLANG_WARN_DIRECT_OBJC_ISA_USAGE = YES_ERROR;
				CLANG_WARN_DOCUMENTATION_COMMENTS = YES;
				CLANG_WARN_EMPTY_BODY = YES;
				CLANG_WARN_ENUM_CONVERSION = YES;
				CLANG_WARN_INFINITE_RECURSION = YES;
				CLANG_WARN_INT_CONVERSION = YES;
				CLANG_WARN_NON_LITERAL_NULL_CONVERSION = YES;
				CLANG_WARN_OBJC_IMPLICIT_RETAIN_SELF = YES;
				CLANG_WARN_OBJC_LITERAL_CONVERSION = YES;
				CLANG_WARN_OBJC_ROOT_CLASS = YES_ERROR;
				CLANG_WARN_QUOTED_INCLUDE_IN_FRAMEWORK_HEADER = YES;
				CLANG_WARN_RANGE_LOOP_ANALYSIS = YES;
				CLANG_WARN_STRICT_PROTOTYPES = YES;
				CLANG_WARN_SUSPICIOUS_MOVE = YES;
				CLANG_WARN_UNGUARDED_AVAILABILITY = YES_AGGRESSIVE;
				CLANG_WARN_UNREACHABLE_CODE = YES;
				CLANG_WARN__DUPLICATE_METHOD_MATCH = YES;
				COPY_PHASE_STRIP = NO;
				DEBUG_INFORMATION_FORMAT = "dwarf-with-dsym";
				DEVELOPMENT_TEAM = 8XDRVJY6U4;
				ENABLE_NS_ASSERTIONS = NO;
				ENABLE_STRICT_OBJC_MSGSEND = YES;
				ENABLE_USER_SCRIPT_SANDBOXING = YES;
				GCC_C_LANGUAGE_STANDARD = gnu17;
				GCC_NO_COMMON_BLOCKS = YES;
				GCC_WARN_64_TO_32_BIT_CONVERSION = YES;
				GCC_WARN_ABOUT_RETURN_TYPE = YES_ERROR;
				GCC_WARN_UNDECLARED_SELECTOR = YES;
				GCC_WARN_UNINITIALIZED_AUTOS = YES_AGGRESSIVE;
				GCC_WARN_UNUSED_FUNCTION = YES;
				GCC_WARN_UNUSED_VARIABLE = YES;
				IPHONEOS_DEPLOYMENT_TARGET = 18.0;
				LOCALIZATION_PREFERS_STRING_CATALOGS = YES;
				MTL_ENABLE_DEBUG_INFO = NO;
				MTL_FAST_MATH = YES;
				SDKROOT = iphoneos;
				STRING_CATALOG_GENERATE_SYMBOLS = YES;
				SWIFT_COMPILATION_MODE = wholemodule;
				VALIDATE_PRODUCT = YES;
			};
			name = Release;
		};
		A5C0C8A92C2B7570002AE0DD /* Debug */ = {
			isa = XCBuildConfiguration;
			buildSettings = {
				ASSETCATALOG_COMPILER_APPICON_NAME = AppIcon;
				ASSETCATALOG_COMPILER_GLOBAL_ACCENT_COLOR_NAME = AccentColor;
				CODE_SIGN_STYLE = Automatic;
				CURRENT_PROJECT_VERSION = 1;
				DEVELOPMENT_ASSET_PATHS = "\"musicplayer/Preview Content\"";
				ENABLE_PREVIEWS = YES;
				GENERATE_INFOPLIST_FILE = YES;
				INFOPLIST_KEY_UIApplicationSceneManifest_Generation = YES;
				INFOPLIST_KEY_UIApplicationSupportsIndirectInputEvents = YES;
				INFOPLIST_KEY_UILaunchScreen_Generation = YES;
				INFOPLIST_KEY_UISupportedInterfaceOrientations_iPad = "UIInterfaceOrientationPortrait UIInterfaceOrientationPortraitUpsideDown UIInterfaceOrientationLandscapeLeft UIInterfaceOrientationLandscapeRight";
				INFOPLIST_KEY_UISupportedInterfaceOrientations_iPhone = "UIInterfaceOrientationPortrait UIInterfaceOrientationLandscapeLeft UIInterfaceOrientationLandscapeRight";
				LD_RUNPATH_SEARCH_PATHS = (
					"$(inherited)",
					"@executable_path/Frameworks",
				);
				MARKETING_VERSION = 1.0;
				PRODUCT_BUNDLE_IDENTIFIER = aspext.musicplayer;
				PRODUCT_NAME = "$(TARGET_NAME)";
				SWIFT_EMIT_LOC_STRINGS = YES;
				SWIFT_VERSION = 5.0;
				TARGETED_DEVICE_FAMILY = "1,2";
			};
			name = Debug;
		};
		A5C0C8AA2C2B7570002AE0DD /* Release */ = {
			isa = XCBuildConfiguration;
			buildSettings = {
				ASSETCATALOG_COMPILER_APPICON_NAME = AppIcon;
				ASSETCATALOG_COMPILER_GLOBAL_ACCENT_COLOR_NAME = AccentColor;
				CODE_SIGN_STYLE = Automatic;
				CURRENT_PROJECT_VERSION = 1;
				DEVELOPMENT_ASSET_PATHS = "\"musicplayer/Preview Content\"";
				ENABLE_PREVIEWS = YES;
				GENERATE_INFOPLIST_FILE = YES;
				INFOPLIST_KEY_UIApplicationSceneManifest_Generation = YES;
				INFOPLIST_KEY_UIApplicationSupportsIndirectInputEvents = YES;
				INFOPLIST_KEY_UILaunchScreen_Generation = YES;
				INFOPLIST_KEY_UISupportedInterfaceOrientations_iPad = "UIInterfaceOrientationPortrait UIInterfaceOrientationPortraitUpsideDown UIInterfaceOrientationLandscapeLeft UIInterfaceOrientationLandscapeRight";
				INFOPLIST_KEY_UISupportedInterfaceOrientations_iPhone = "UIInterfaceOrientationPortrait UIInterfaceOrientationLandscapeLeft UIInterfaceOrientationLandscapeRight";
				LD_RUNPATH_SEARCH_PATHS = (
					"$(inherited)",
					"@executable_path/Frameworks",
				);
				MARKETING_VERSION = 1.0;
				PRODUCT_BUNDLE_IDENTIFIER = aspext.musicplayer;
				PRODUCT_NAME = "$(TARGET_NAME)";
				SWIFT_EMIT_LOC_STRINGS = YES;
				SWIFT_VERSION = 5.0;
				TARGETED_DEVICE_FAMILY = "1,2";
			};
			name = Release;
		};
		A5C0C8AC2C2B7570002AE0DD /* Debug */ = {
			isa = XCBuildConfiguration;
			buildSettings = {
				BUNDLE_LOADER = "$(TEST_HOST)";
				CODE_SIGN_STYLE = Automatic;
				CURRENT_PROJECT_VERSION = 1;
				GENERATE_INFOPLIST_FILE = YES;
				IPHONEOS_DEPLOYMENT_TARGET = 18.0;
				MARKETING_VERSION = 1.0;
				PRODUCT_BUNDLE_IDENTIFIER = aspext.musicplayerTests;
				PRODUCT_NAME = "$(TARGET_NAME)";
				SWIFT_EMIT_LOC_STRINGS = NO;
				SWIFT_VERSION = 5.0;
				TARGETED_DEVICE_FAMILY = "1,2";
				TEST_HOST = "$(BUILT_PRODUCTS_DIR)/weatherapp.app/$(BUNDLE_EXECUTABLE_FOLDER_PATH)/weatherapp";
			};
			name = Debug;
		};
		A5C0C8AD2C2B7570002AE0DD /* Release */ = {
			isa = XCBuildConfiguration;
			buildSettings = {
				BUNDLE_LOADER = "$(TEST_HOST)";
				CODE_SIGN_STYLE = Automatic;
				CURRENT_PROJECT_VERSION = 1;
				GENERATE_INFOPLIST_FILE = YES;
				IPHONEOS_DEPLOYMENT_TARGET = 18.0;
				MARKETING_VERSION = 1.0;
				PRODUCT_BUNDLE_IDENTIFIER = aspext.musicplayerTests;
				PRODUCT_NAME = "$(TARGET_NAME)";
				SWIFT_EMIT_LOC_STRINGS = NO;
				SWIFT_VERSION = 5.0;
				TARGETED_DEVICE_FAMILY = "1,2";
				TEST_HOST = "$(BUILT_PRODUCTS_DIR)/weatherapp.app/$(BUNDLE_EXECUTABLE_FOLDER_PATH)/weatherapp";
			};
			name = Release;
		};
		A5C0C8AF2C2B7570002AE0DD /* Debug */ = {
			isa = XCBuildConfiguration;
			buildSettings = {
				CODE_SIGN_STYLE = Automatic;
				CURRENT_PROJECT_VERSION = 1;
				GENERATE_INFOPLIST_FILE = YES;
				MARKETING_VERSION = 1.0;
				PRODUCT_BUNDLE_IDENTIFIER = aspext.musicplayerUITests;
				PRODUCT_NAME = "$(TARGET_NAME)";
				SWIFT_EMIT_LOC_STRINGS = NO;
				SWIFT_VERSION = 5.0;
				TARGETED_DEVICE_FAMILY = "1,2";
				TEST_TARGET_NAME = musicplayer;
			};
			name = Debug;
		};
		A5C0C8B02C2B7570002AE0DD /* Release */ = {
			isa = XCBuildConfiguration;
			buildSettings = {
				CODE_SIGN_STYLE = Automatic;
				CURRENT_PROJECT_VERSION = 1;
				GENERATE_INFOPLIST_FILE = YES;
				MARKETING_VERSION = 1.0;
				PRODUCT_BUNDLE_IDENTIFIER = aspext.musicplayerUITests;
				PRODUCT_NAME = "$(TARGET_NAME)";
				SWIFT_EMIT_LOC_STRINGS = NO;
				SWIFT_VERSION = 5.0;
				TARGETED_DEVICE_FAMILY = "1,2";
				TEST_TARGET_NAME = musicplayer;
			};
			name = Release;
		};
/* End XCBuildConfiguration section */

/* Begin XCConfigurationList section */
		A5C0C87F2C2B756E002AE0DD /* Build configuration list for PBXProject "weatherapp" */ = {
			isa = XCConfigurationList;
			buildConfigurations = (
				A5C0C8A62C2B7570002AE0DD /* Debug */,
				A5C0C8A72C2B7570002AE0DD /* Release */,
			);
			defaultConfigurationIsVisible = 0;
			defaultConfigurationName = Release;
		};
		A5C0C8A82C2B7570002AE0DD /* Build configuration list for PBXNativeTarget "weatherapp" */ = {
			isa = XCConfigurationList;
			buildConfigurations = (
				A5C0C8A92C2B7570002AE0DD /* Debug */,
				A5C0C8AA2C2B7570002AE0DD /* Release */,
			);
			defaultConfigurationIsVisible = 0;
			defaultConfigurationName = Release;
		};
		A5C0C8AB2C2B7570002AE0DD /* Build configuration list for PBXNativeTarget "weatherappTests" */ = {
			isa = XCConfigurationList;
			buildConfigurations = (
				A5C0C8AC2C2B7570002AE0DD /* Debug */,
				A5C0C8AD2C2B7570002AE0DD /* Release */,
			);
			defaultConfigurationIsVisible = 0;
			defaultConfigurationName = Release;
		};
		A5C0C8AE2C2B7570002AE0DD /* Build configuration list for PBXNativeTarget "weatherappUITests" */ = {
			isa = XCConfigurationList;
			buildConfigurations = (
				A5C0C8AF2C2B7570002AE0DD /* Debug */,
				A5C0C8B02C2B7570002AE0DD /* Release */,
			);
			defaultConfigurationIsVisible = 0;
			defaultConfigurationName = Release;
		};
/* End XCConfigurationList section */
	};
	rootObject = A5C0C87C2C2B756E002AE0DD /* Project object */;
}
